
Microsoft Visual Studio Solution File, Format Version 12.00
# Visual Studio Version 16
VisualStudioVersion = 16.0.29709.97
MinimumVisualStudioVersion = 10.0.40219.1
Project("{FAE04EC0-301F-11D3-BF4B-00C04F79EFBC}") = "Jaya", "Jaya\Jaya.API.csproj", "{F5CB3089-E6EA-4B57-B2C9-63CEA8F65535}"
EndProject
Global
	GlobalSection(SolutionConfigurationPlatforms) = preSolution
		Debug|Any CPU = Debug|Any CPU
		Release|Any CPU = Release|Any CPU
	EndGlobalSection
	GlobalSection(ProjectConfigurationPlatforms) = postSolution
		{F5CB3089-E6EA-4B57-B2C9-63CEA8F65535}.Debug|Any CPU.ActiveCfg = Debug|Any CPU
		{F5CB3089-E6EA-4B57-B2C9-63CEA8F65535}.Debug|Any CPU.Build.0 = Debug|Any CPU
		{F5CB3089-E6EA-4B57-B2C9-63CEA8F65535}.Release|Any CPU.ActiveCfg = Release|Any CPU
		{F5CB3089-E6EA-4B57-B2C9-63CEA8F65535}.Release|Any CPU.Build.0 = Release|Any CPU
	EndGlobalSection
	GlobalSection(SolutionProperties) = preSolution
		HideSolutionNode = FALSE
	EndGlobalSection
	GlobalSection(ExtensibilityGlobals) = postSolution
		SolutionGuid = {F3774306-3D4C-403C-AF02-D2A562473A34}
	EndGlobalSection
EndGlobal
